
Microsoft Visual Studio Solution File, Format Version 12.00
# Visual Studio Version 17
VisualStudioVersion = 17.0.32112.339
MinimumVisualStudioVersion = 10.0.40219.1
Project("{FAE04EC0-301F-11D3-BF4B-00C04F79EFBC}") = "indovina numero", "indovina numero\indovina numero.csproj", "{F34837B5-A4DC-4FA9-BF02-53990A3B8A6C}"
EndProject
Global
	GlobalSection(SolutionConfigurationPlatforms) = preSolution
		Debug|Any CPU = Debug|Any CPU
		Release|Any CPU = Release|Any CPU
	EndGlobalSection
	GlobalSection(ProjectConfigurationPlatforms) = postSolution
		{F34837B5-A4DC-4FA9-BF02-53990A3B8A6C}.Debug|Any CPU.ActiveCfg = Debug|Any CPU
		{F34837B5-A4DC-4FA9-BF02-53990A3B8A6C}.Debug|Any CPU.Build.0 = Debug|Any CPU
		{F34837B5-A4DC-4FA9-BF02-53990A3B8A6C}.Release|Any CPU.ActiveCfg = Release|Any CPU
		{F34837B5-A4DC-4FA9-BF02-53990A3B8A6C}.Release|Any CPU.Build.0 = Release|Any CPU
	EndGlobalSection
	GlobalSection(SolutionProperties) = preSolution
		HideSolutionNode = FALSE
	EndGlobalSection
	GlobalSection(ExtensibilityGlobals) = postSolution
		SolutionGuid = {68A23815-9200-46CE-9833-E3E778B79DD7}
	EndGlobalSection
EndGlobal
